{
  "version": 4,
  "terraform_version": "1.15.5",
  "serial": 3,
  "lineage": "a1504b1d-9a21-6368-3d6b-f8ec1a877a37",
  "outputs": {
    "backend_api_gateway_url": {
      "value": null,
      "type": "string"
    },
    "live_web_ui_url": {
      "value": null,
      "type": "string"
    }
  },
  "resources": [
    {
      "module": "module.database",
      "mode": "managed",
      "type": "aws_db_subnet_group",
      "name": "main",
      "provider": "provider[\"registry.terraform.io/hashicorp/aws\"]",
      "instances": [
        {
          "schema_version": 0,
          "attributes": {
            "arn": "arn:aws:rds:eu-west-1:224039895487:subgrp:fintech-db-subnet-group-dev",
            "description": "Managed by Terraform",
            "id": "fintech-db-subnet-group-dev",
            "name": "fintech-db-subnet-group-dev",
            "name_prefix": "",
            "subnet_ids": [
              "subnet-0201b9b114dddaa48",
              "subnet-08edc3c2228cc8d09"
            ],
            "supported_network_types": [
              "IPV4"
            ],
            "tags": {
              "Name": "fintech-db-subnet-group-dev"
            },
            "tags_all": {
              "Name": "fintech-db-subnet-group-dev"
            },
            "vpc_id": "vpc-0eaa23c32055be2d9"
          },
          "sensitive_attributes": [],
          "identity_schema_version": 0,
          "private": "eyJzY2hlbWFfdmVyc2lvbiI6IjAifQ=="
        }
      ]
    },
    {
      "module": "module.frontend",
      "mode": "managed",
      "type": "aws_s3_bucket",
      "name": "frontend",
      "provider": "provider[\"registry.terraform.io/hashicorp/aws\"]",
      "instances": [
        {
          "schema_version": 0,
          "attributes": {
            "acceleration_status": "",
            "acl": null,
            "arn": "arn:aws:s3:::fintech-platform-ui-dev-oluwaferanmi97",
            "bucket": "fintech-platform-ui-dev-oluwaferanmi97",
            "bucket_domain_name": "fintech-platform-ui-dev-oluwaferanmi97.s3.amazonaws.com",
            "bucket_prefix": "",
            "bucket_regional_domain_name": "fintech-platform-ui-dev-oluwaferanmi97.s3.eu-west-1.amazonaws.com",
            "cors_rule": [],
            "force_destroy": null,
            "grant": [
              {
                "id": "806419899f88438de530f7ab8a663f488b8d6164f986f65d960afbc9f5efa9e0",
                "permissions": [
                  "FULL_CONTROL"
                ],
                "type": "CanonicalUser",
                "uri": ""
              }
            ],
            "hosted_zone_id": "Z1BKCTXD74EZPE",
            "id": "fintech-platform-ui-dev-oluwaferanmi97",
            "lifecycle_rule": [],
            "logging": [],
            "object_lock_configuration": [],
            "object_lock_enabled": false,
            "policy": "{\"Statement\":[{\"Action\":\"s3:GetObject\",\"Effect\":\"Allow\",\"Principal\":\"*\",\"Resource\":\"arn:aws:s3:::fintech-platform-ui-dev-oluwaferanmi97/*\",\"Sid\":\"PublicReadGetter\"}],\"Version\":\"2012-10-17\"}",
            "region": "eu-west-1",
            "replication_configuration": [],
            "request_payer": "BucketOwner",
            "server_side_encryption_configuration": [
              {
                "rule": [
                  {
                    "apply_server_side_encryption_by_default": [
                      {
                        "kms_master_key_id": "",
                        "sse_algorithm": "AES256"
                      }
                    ],
                    "bucket_key_enabled": false
                  }
                ]
              }
            ],
            "tags": {},
            "tags_all": {},
            "timeouts": null,
            "versioning": [
              {
                "enabled": false,
                "mfa_delete": false
              }
            ],
            "website": [
              {
                "error_document": "index.html",
                "index_document": "index.html",
                "redirect_all_requests_to": "",
                "routing_rules": ""
              }
            ],
            "website_domain": "s3-website-eu-west-1.amazonaws.com",
            "website_endpoint": "fintech-platform-ui-dev-oluwaferanmi97.s3-website-eu-west-1.amazonaws.com"
          },
          "sensitive_attributes": [],
          "identity_schema_version": 0,
          "private": "eyJlMmJmYjczMC1lY2FhLTExZTYtOGY4OC0zNDM2M2JjN2M0YzAiOnsiY3JlYXRlIjoxMjAwMDAwMDAwMDAwLCJkZWxldGUiOjM2MDAwMDAwMDAwMDAsInJlYWQiOjEyMDAwMDAwMDAwMDAsInVwZGF0ZSI6MTIwMDAwMDAwMDAwMH0sInNjaGVtYV92ZXJzaW9uIjoiMCJ9"
        }
      ]
    },
    {
      "module": "module.security",
      "mode": "managed",
      "type": "aws_iam_role",
      "name": "ecs_execution_role",
      "provider": "provider[\"registry.terraform.io/hashicorp/aws\"]",
      "instances": [
        {
          "schema_version": 0,
          "attributes": {
            "arn": "arn:aws:iam::224039895487:role/fintech-ecs-execution-role-dev",
            "assume_role_policy": "{\"Statement\":[{\"Action\":\"sts:AssumeRole\",\"Effect\":\"Allow\",\"Principal\":{\"Service\":\"ecs-tasks.amazonaws.com\"}}],\"Version\":\"2012-10-17\"}",
            "create_date": "2026-07-11T09:50:21Z",
            "description": "",
            "force_detach_policies": false,
            "id": "fintech-ecs-execution-role-dev",
            "inline_policy": [],
            "managed_policy_arns": [
              "arn:aws:iam::aws:policy/service-role/AmazonECSTaskExecutionRolePolicy"
            ],
            "max_session_duration": 3600,
            "name": "fintech-ecs-execution-role-dev",
            "name_prefix": "",
            "path": "/",
            "permissions_boundary": "",
            "tags": {
              "Name": "fintech-ecs-execution-role-dev"
            },
            "tags_all": {
              "Name": "fintech-ecs-execution-role-dev"
            },
            "unique_id": "AROATIKORQG7RNETDKDER"
          },
          "sensitive_attributes": [],
          "identity_schema_version": 0,
          "private": "eyJzY2hlbWFfdmVyc2lvbiI6IjAifQ=="
        }
      ]
    }
  ],
  "check_results": null
}
