{
  "version": 4,
  "terraform_version": "1.15.5",
  "serial": 2,
  "lineage": "a1504b1d-9a21-6368-3d6b-f8ec1a877a37",
  "outputs": {
    "backend_api_gateway_url": {
      "value": null,
      "type": "string"
    },
    "live_web_ui_url": {
      "value": null,
      "type": "string"
    }
  },
  "resources": [
    {
      "module": "module.database",
      "mode": "managed",
      "type": "aws_db_subnet_group",
      "name": "main",
      "provider": "provider[\"registry.terraform.io/hashicorp/aws\"]",
      "instances": [
        {
          "schema_version": 0,
          "attributes": {
            "arn": "arn:aws:rds:eu-west-1:224039895487:subgrp:fintech-db-subnet-group-dev",
            "description": "Managed by Terraform",
            "id": "fintech-db-subnet-group-dev",
            "name": "fintech-db-subnet-group-dev",
            "name_prefix": "",
            "subnet_ids": [
              "subnet-0201b9b114dddaa48",
              "subnet-08edc3c2228cc8d09"
            ],
            "supported_network_types": [
              "IPV4"
            ],
            "tags": {
              "Name": "fintech-db-subnet-group-dev"
            },
            "tags_all": {
              "Name": "fintech-db-subnet-group-dev"
            },
            "vpc_id": "vpc-0eaa23c32055be2d9"
          },
          "sensitive_attributes": [],
          "identity_schema_version": 0,
          "private": "eyJzY2hlbWFfdmVyc2lvbiI6IjAifQ=="
        }
      ]
    },
    {
      "module": "module.security",
      "mode": "managed",
      "type": "aws_iam_role",
      "name": "ecs_execution_role",
      "provider": "provider[\"registry.terraform.io/hashicorp/aws\"]",
      "instances": [
        {
          "schema_version": 0,
          "attributes": {
            "arn": "arn:aws:iam::224039895487:role/fintech-ecs-execution-role-dev",
            "assume_role_policy": "{\"Statement\":[{\"Action\":\"sts:AssumeRole\",\"Effect\":\"Allow\",\"Principal\":{\"Service\":\"ecs-tasks.amazonaws.com\"}}],\"Version\":\"2012-10-17\"}",
            "create_date": "2026-07-11T09:50:21Z",
            "description": "",
            "force_detach_policies": false,
            "id": "fintech-ecs-execution-role-dev",
            "inline_policy": [],
            "managed_policy_arns": [
              "arn:aws:iam::aws:policy/service-role/AmazonECSTaskExecutionRolePolicy"
            ],
            "max_session_duration": 3600,
            "name": "fintech-ecs-execution-role-dev",
            "name_prefix": "",
            "path": "/",
            "permissions_boundary": "",
            "tags": {
              "Name": "fintech-ecs-execution-role-dev"
            },
            "tags_all": {
              "Name": "fintech-ecs-execution-role-dev"
            },
            "unique_id": "AROATIKORQG7RNETDKDER"
          },
          "sensitive_attributes": [],
          "identity_schema_version": 0,
          "private": "eyJzY2hlbWFfdmVyc2lvbiI6IjAifQ=="
        }
      ]
    }
  ],
  "check_results": null
}
